Microsoft Visual Studio Solution File, Format Version 12.00
# Visual Studio 15
VisualStudioVersion = 15.0.26730.16
MinimumVisualStudioVersion = 15.0.26124.0
Project("{9A19103F-16F7-4668-BE54-9A1E7A4F7556}") = "csMACnz.SeaOrDew", "src\csMACnz.SeaOrDew\csMACnz.SeaOrDew.csproj", "{78C73ED4-C121-4FBC-859C-23BFD478897B}"
EndProject
Global
	GlobalSection(SolutionConfigurationPlatforms) = preSolution
		Debug|Any CPU = Debug|Any CPU
		Debug|x64 = Debug|x64
		Debug|x86 = Debug|x86
		Release|Any CPU = Release|Any CPU
		Release|x64 = Release|x64
		Release|x86 = Release|x86
	EndGlobalSection
	GlobalSection(ProjectConfigurationPlatforms) = postSolution
		{78C73ED4-C121-4FBC-859C-23BFD478897B}.Debug|Any CPU.ActiveCfg = Debug|Any CPU
		{78C73ED4-C121-4FBC-859C-23BFD478897B}.Debug|Any CPU.Build.0 = Debug|Any CPU
		{78C73ED4-C121-4FBC-859C-23BFD478897B}.Debug|x64.ActiveCfg = Debug|Any CPU
		{78C73ED4-C121-4FBC-859C-23BFD478897B}.Debug|x64.Build.0 = Debug|Any CPU
		{78C73ED4-C121-4FBC-859C-23BFD478897B}.Debug|x86.ActiveCfg = Debug|Any CPU
		{78C73ED4-C121-4FBC-859C-23BFD478897B}.Debug|x86.Build.0 = Debug|Any CPU
		{78C73ED4-C121-4FBC-859C-23BFD478897B}.Release|Any CPU.ActiveCfg = Release|Any CPU
		{78C73ED4-C121-4FBC-859C-23BFD478897B}.Release|Any CPU.Build.0 = Release|Any CPU
		{78C73ED4-C121-4FBC-859C-23BFD478897B}.Release|x64.ActiveCfg = Release|Any CPU
		{78C73ED4-C121-4FBC-859C-23BFD478897B}.Release|x64.Build.0 = Release|Any CPU
		{78C73ED4-C121-4FBC-859C-23BFD478897B}.Release|x86.ActiveCfg = Release|Any CPU
		{78C73ED4-C121-4FBC-859C-23BFD478897B}.Release|x86.Build.0 = Release|Any CPU
	EndGlobalSection
	GlobalSection(SolutionProperties) = preSolution
		HideSolutionNode = FALSE
	EndGlobalSection
	GlobalSection(ExtensibilityGlobals) = postSolution
		SolutionGuid = {014BD877-789C-44D2-B004-2487AA71642A}
	EndGlobalSection
EndGlobal
